
Microsoft Visual Studio Solution File, Format Version 12.00
# Visual Studio 15
VisualStudioVersion = 15.0.28307.421
MinimumVisualStudioVersion = 10.0.40219.1
Project("{9A19103F-16F7-4668-BE54-9A1E7A4F7556}") = "DPEMS.Web", "DPEMS.Web\DPEMS.Web.csproj", "{1948B841-C817-4828-9DB2-B567D00BA06A}"
EndProject
Project("{FAE04EC0-301F-11D3-BF4B-00C04F79EFBC}") = "DEPMS.Themes", "DEPMS.Themes\DEPMS.Themes.csproj", "{68CF9B9F-0459-47AA-B7F7-8ECC3D8A19C7}"
EndProject
Global
	GlobalSection(SolutionConfigurationPlatforms) = preSolution
		Debug|Any CPU = Debug|Any CPU
		Release|Any CPU = Release|Any CPU
	EndGlobalSection
	GlobalSection(ProjectConfigurationPlatforms) = postSolution
		{1948B841-C817-4828-9DB2-B567D00BA06A}.Debug|Any CPU.ActiveCfg = Debug|Any CPU
		{1948B841-C817-4828-9DB2-B567D00BA06A}.Debug|Any CPU.Build.0 = Debug|Any CPU
		{1948B841-C817-4828-9DB2-B567D00BA06A}.Release|Any CPU.ActiveCfg = Release|Any CPU
		{1948B841-C817-4828-9DB2-B567D00BA06A}.Release|Any CPU.Build.0 = Release|Any CPU
		{68CF9B9F-0459-47AA-B7F7-8ECC3D8A19C7}.Debug|Any CPU.ActiveCfg = Debug|Any CPU
		{68CF9B9F-0459-47AA-B7F7-8ECC3D8A19C7}.Debug|Any CPU.Build.0 = Debug|Any CPU
		{68CF9B9F-0459-47AA-B7F7-8ECC3D8A19C7}.Release|Any CPU.ActiveCfg = Release|Any CPU
		{68CF9B9F-0459-47AA-B7F7-8ECC3D8A19C7}.Release|Any CPU.Build.0 = Release|Any CPU
	EndGlobalSection
	GlobalSection(SolutionProperties) = preSolution
		HideSolutionNode = FALSE
	EndGlobalSection
	GlobalSection(ExtensibilityGlobals) = postSolution
		SolutionGuid = {07BB8234-B915-4FF2-98A3-11C8181FA6F6}
	EndGlobalSection
EndGlobal
