
Microsoft Visual Studio Solution File, Format Version 12.00
# Visual Studio 15
VisualStudioVersion = 15.0.28010.2046
MinimumVisualStudioVersion = 10.0.40219.1
Project("{2150E333-8FDC-42A3-9474-1A3956D46DE8}") = "Themes", "Themes", "{9102ADE5-AC6D-4ABE-8AF9-C6ACE84E724A}"
EndProject
Project("{2150E333-8FDC-42A3-9474-1A3956D46DE8}") = "Web", "Web", "{58C0D1A0-2F6F-40F1-81C1-D4042248EAF1}"
EndProject
Project("{9A19103F-16F7-4668-BE54-9A1E7A4F7556}") = "DpeMs.Web", "src\DpeMs.Web\DpeMs.Web\DpeMs.Web.csproj", "{CFFACEEA-C7CC-49B5-99FA-646F659AB669}"
EndProject
Project("{9A19103F-16F7-4668-BE54-9A1E7A4F7556}") = "DpeMs.FirstTheme", "src\DpeMs.Themes\DpeMs.FirstTheme\DpeMs.FirstTheme.csproj", "{C12A6702-004F-4BF9-9952-277C5560A58C}"
EndProject
Project("{FAE04EC0-301F-11D3-BF4B-00C04F79EFBC}") = "DpeMs.UniTheme", "src\DpeMs.Themes\DpMs.UniTheme\DpeMs.UniTheme.csproj", "{7110062C-120B-4D43-AEC9-1DFDF68FFE65}"
EndProject
Global
	GlobalSection(SolutionConfigurationPlatforms) = preSolution
		Debug|Any CPU = Debug|Any CPU
		Release|Any CPU = Release|Any CPU
	EndGlobalSection
	GlobalSection(ProjectConfigurationPlatforms) = postSolution
		{CFFACEEA-C7CC-49B5-99FA-646F659AB669}.Debug|Any CPU.ActiveCfg = Debug|Any CPU
		{CFFACEEA-C7CC-49B5-99FA-646F659AB669}.Debug|Any CPU.Build.0 = Debug|Any CPU
		{CFFACEEA-C7CC-49B5-99FA-646F659AB669}.Release|Any CPU.ActiveCfg = Release|Any CPU
		{CFFACEEA-C7CC-49B5-99FA-646F659AB669}.Release|Any CPU.Build.0 = Release|Any CPU
		{C12A6702-004F-4BF9-9952-277C5560A58C}.Debug|Any CPU.ActiveCfg = Debug|Any CPU
		{C12A6702-004F-4BF9-9952-277C5560A58C}.Debug|Any CPU.Build.0 = Debug|Any CPU
		{C12A6702-004F-4BF9-9952-277C5560A58C}.Release|Any CPU.ActiveCfg = Release|Any CPU
		{C12A6702-004F-4BF9-9952-277C5560A58C}.Release|Any CPU.Build.0 = Release|Any CPU
		{7110062C-120B-4D43-AEC9-1DFDF68FFE65}.Debug|Any CPU.ActiveCfg = Debug|Any CPU
		{7110062C-120B-4D43-AEC9-1DFDF68FFE65}.Debug|Any CPU.Build.0 = Debug|Any CPU
		{7110062C-120B-4D43-AEC9-1DFDF68FFE65}.Release|Any CPU.ActiveCfg = Release|Any CPU
		{7110062C-120B-4D43-AEC9-1DFDF68FFE65}.Release|Any CPU.Build.0 = Release|Any CPU
	EndGlobalSection
	GlobalSection(SolutionProperties) = preSolution
		HideSolutionNode = FALSE
	EndGlobalSection
	GlobalSection(NestedProjects) = preSolution
		{CFFACEEA-C7CC-49B5-99FA-646F659AB669} = {58C0D1A0-2F6F-40F1-81C1-D4042248EAF1}
		{C12A6702-004F-4BF9-9952-277C5560A58C} = {9102ADE5-AC6D-4ABE-8AF9-C6ACE84E724A}
		{7110062C-120B-4D43-AEC9-1DFDF68FFE65} = {9102ADE5-AC6D-4ABE-8AF9-C6ACE84E724A}
	EndGlobalSection
	GlobalSection(ExtensibilityGlobals) = postSolution
		SolutionGuid = {08D5C4B7-666A-41E8-A6CE-44A9DE3D6B57}
	EndGlobalSection
EndGlobal
